
Microsoft Visual Studio Solution File, Format Version 12.00
# Visual Studio Version 17
VisualStudioVersion = 17.10.35004.147
MinimumVisualStudioVersion = 10.0.40219.1
Project("{9A19103F-16F7-4668-BE54-9A1E7A4F7556}") = "CRUD 7 RAZOR", "CRUD 7 RAZOR.csproj", "{59C9ED00-3647-4BAF-9B47-F0A8478E89AA}"
EndProject
Global
	GlobalSection(SolutionConfigurationPlatforms) = preSolution
		Debug|Any CPU = Debug|Any CPU
		Release|Any CPU = Release|Any CPU
	EndGlobalSection
	GlobalSection(ProjectConfigurationPlatforms) = postSolution
		{59C9ED00-3647-4BAF-9B47-F0A8478E89AA}.Debug|Any CPU.ActiveCfg = Debug|Any CPU
		{59C9ED00-3647-4BAF-9B47-F0A8478E89AA}.Debug|Any CPU.Build.0 = Debug|Any CPU
		{59C9ED00-3647-4BAF-9B47-F0A8478E89AA}.Release|Any CPU.ActiveCfg = Release|Any CPU
		{59C9ED00-3647-4BAF-9B47-F0A8478E89AA}.Release|Any CPU.Build.0 = Release|Any CPU
	EndGlobalSection
	GlobalSection(SolutionProperties) = preSolution
		HideSolutionNode = FALSE
	EndGlobalSection
	GlobalSection(ExtensibilityGlobals) = postSolution
		SolutionGuid = {9DFCDEC1-112C-4E3C-AC40-03F386B2516E}
	EndGlobalSection
EndGlobal
